
Microsoft Visual Studio Solution File, Format Version 12.00
# Visual Studio Version 17
VisualStudioVersion = 17.9.34728.123
MinimumVisualStudioVersion = 10.0.40219.1
Project("{FAE04EC0-301F-11D3-BF4B-00C04F79EFBC}") = "specs-product-offer", "specs-product-offer\specs-product-offer.csproj", "{7AB10F24-3198-4ACE-9997-EB9A2E3DC059}"
EndProject
Global
	GlobalSection(SolutionConfigurationPlatforms) = preSolution
		Debug|Any CPU = Debug|Any CPU
		Release|Any CPU = Release|Any CPU
	EndGlobalSection
	GlobalSection(ProjectConfigurationPlatforms) = postSolution
		{7AB10F24-3198-4ACE-9997-EB9A2E3DC059}.Debug|Any CPU.ActiveCfg = Debug|Any CPU
		{7AB10F24-3198-4ACE-9997-EB9A2E3DC059}.Debug|Any CPU.Build.0 = Debug|Any CPU
		{7AB10F24-3198-4ACE-9997-EB9A2E3DC059}.Release|Any CPU.ActiveCfg = Release|Any CPU
		{7AB10F24-3198-4ACE-9997-EB9A2E3DC059}.Release|Any CPU.Build.0 = Release|Any CPU
	EndGlobalSection
	GlobalSection(SolutionProperties) = preSolution
		HideSolutionNode = FALSE
	EndGlobalSection
	GlobalSection(ExtensibilityGlobals) = postSolution
		SolutionGuid = {376473A2-2D0E-4091-97B6-A6A172B78FDE}
	EndGlobalSection
EndGlobal
